{
  "name": "node-pro-math",
  "version": "0.0.1",
  "lockfileVersion": 3,
  "requires": true,
  "packages": {
    "": {
      "name": "node-pro-math",
      "version": "0.0.1",
      "license": "ISC",
      "dependencies": {
        "node-pro-math": "^0.0.1"
      }
    },
    "node_modules/node-pro-math": {
      "version": "0.0.1",
      "resolved": "https://registry.npmjs.org/node-pro-math/-/node-pro-math-0.0.1.tgz",
      "integrity": "sha512-hfnwiRRmwMSoIVMFT7wE146G/P+ijVct+4W2MFQ5LVoS8V1UdGCTpmrqfzXw2zTcpGCBLKIi9CUn8TlGTe1d+g=="
    }
  }
}
